
Microsoft Visual Studio Solution File, Format Version 12.00
# Visual Studio Version 16
VisualStudioVersion = 16.0.31205.134
MinimumVisualStudioVersion = 10.0.40219.1
Project("{FAE04EC0-301F-11D3-BF4B-00C04F79EFBC}") = "GitToNuget", "GitToNuget\GitToNuget.csproj", "{7A767F68-7E3B-421F-A9AD-5A116AF701A0}"
EndProject
Global
	GlobalSection(SolutionConfigurationPlatforms) = preSolution
		Debug|Any CPU = Debug|Any CPU
		Release|Any CPU = Release|Any CPU
	EndGlobalSection
	GlobalSection(ProjectConfigurationPlatforms) = postSolution
		{7A767F68-7E3B-421F-A9AD-5A116AF701A0}.Debug|Any CPU.ActiveCfg = Debug|Any CPU
		{7A767F68-7E3B-421F-A9AD-5A116AF701A0}.Debug|Any CPU.Build.0 = Debug|Any CPU
		{7A767F68-7E3B-421F-A9AD-5A116AF701A0}.Release|Any CPU.ActiveCfg = Release|Any CPU
		{7A767F68-7E3B-421F-A9AD-5A116AF701A0}.Release|Any CPU.Build.0 = Release|Any CPU
	EndGlobalSection
	GlobalSection(SolutionProperties) = preSolution
		HideSolutionNode = FALSE
	EndGlobalSection
	GlobalSection(ExtensibilityGlobals) = postSolution
		SolutionGuid = {13C64C89-02CA-4486-99A8-7100CEC5D6A8}
	EndGlobalSection
EndGlobal
